
Microsoft Visual Studio Solution File, Format Version 12.00
# Visual Studio Version 17
VisualStudioVersion = 17.2.32616.157
MinimumVisualStudioVersion = 10.0.40219.1
Project("{9A19103F-16F7-4668-BE54-9A1E7A4F7556}") = "EAGLSTextFormatter", "EAGLSTextFormatter\EAGLSTextFormatter.csproj", "{185B139E-8832-4AD0-BAE2-829691202B22}"
EndProject
Project("{9A19103F-16F7-4668-BE54-9A1E7A4F7556}") = "KaguyaTextFormatter", "KaguyaTextFormatter\KaguyaTextFormatter.csproj", "{23F5EF03-E535-43EB-894F-CE81FE77A2A9}"
EndProject
Global
	GlobalSection(SolutionConfigurationPlatforms) = preSolution
		Debug|Any CPU = Debug|Any CPU
		Release|Any CPU = Release|Any CPU
	EndGlobalSection
	GlobalSection(ProjectConfigurationPlatforms) = postSolution
		{185B139E-8832-4AD0-BAE2-829691202B22}.Debug|Any CPU.ActiveCfg = Debug|Any CPU
		{185B139E-8832-4AD0-BAE2-829691202B22}.Debug|Any CPU.Build.0 = Debug|Any CPU
		{185B139E-8832-4AD0-BAE2-829691202B22}.Release|Any CPU.ActiveCfg = Release|Any CPU
		{185B139E-8832-4AD0-BAE2-829691202B22}.Release|Any CPU.Build.0 = Release|Any CPU
		{23F5EF03-E535-43EB-894F-CE81FE77A2A9}.Debug|Any CPU.ActiveCfg = Debug|Any CPU
		{23F5EF03-E535-43EB-894F-CE81FE77A2A9}.Debug|Any CPU.Build.0 = Debug|Any CPU
		{23F5EF03-E535-43EB-894F-CE81FE77A2A9}.Release|Any CPU.ActiveCfg = Release|Any CPU
		{23F5EF03-E535-43EB-894F-CE81FE77A2A9}.Release|Any CPU.Build.0 = Release|Any CPU
	EndGlobalSection
	GlobalSection(SolutionProperties) = preSolution
		HideSolutionNode = FALSE
	EndGlobalSection
	GlobalSection(ExtensibilityGlobals) = postSolution
		SolutionGuid = {E86CAA8A-9C56-43B9-93EB-8A181F85F0BD}
	EndGlobalSection
EndGlobal
